
Microsoft Visual Studio Solution File, Format Version 12.00
# Visual Studio Version 17
VisualStudioVersion = 17.5.002.0
MinimumVisualStudioVersion = 10.0.40219.1
Project("{9A19103F-16F7-4668-BE54-9A1E7A4F7556}") = "pencraft_backend", "pencraft_backend\pencraft_backend.csproj", "{2A0BE920-1BC3-42DF-9365-A378CADAC233}"
EndProject
Global
	GlobalSection(SolutionConfigurationPlatforms) = preSolution
		Debug|Any CPU = Debug|Any CPU
		Release|Any CPU = Release|Any CPU
	EndGlobalSection
	GlobalSection(ProjectConfigurationPlatforms) = postSolution
		{2A0BE920-1BC3-42DF-9365-A378CADAC233}.Debug|Any CPU.ActiveCfg = Debug|Any CPU
		{2A0BE920-1BC3-42DF-9365-A378CADAC233}.Debug|Any CPU.Build.0 = Debug|Any CPU
		{2A0BE920-1BC3-42DF-9365-A378CADAC233}.Release|Any CPU.ActiveCfg = Release|Any CPU
		{2A0BE920-1BC3-42DF-9365-A378CADAC233}.Release|Any CPU.Build.0 = Release|Any CPU
	EndGlobalSection
	GlobalSection(SolutionProperties) = preSolution
		HideSolutionNode = FALSE
	EndGlobalSection
	GlobalSection(ExtensibilityGlobals) = postSolution
		SolutionGuid = {28FBF30D-4798-478E-A83C-AE3BA31A0F5B}
	EndGlobalSection
EndGlobal
